
Microsoft Visual Studio Solution File, Format Version 12.00
# Visual Studio 15
VisualStudioVersion = 15.0.28307.136
MinimumVisualStudioVersion = 10.0.40219.1
Project("{FAE04EC0-301F-11D3-BF4B-00C04F79EFBC}") = "WordG", "WordG\WordG.csproj", "{7794E865-AEF0-4665-9D8D-320353C49AE3}"
EndProject
Global
	GlobalSection(SolutionConfigurationPlatforms) = preSolution
		Debug|Any CPU = Debug|Any CPU
		Release|Any CPU = Release|Any CPU
	EndGlobalSection
	GlobalSection(ProjectConfigurationPlatforms) = postSolution
		{7794E865-AEF0-4665-9D8D-320353C49AE3}.Debug|Any CPU.ActiveCfg = Debug|Any CPU
		{7794E865-AEF0-4665-9D8D-320353C49AE3}.Debug|Any CPU.Build.0 = Debug|Any CPU
		{7794E865-AEF0-4665-9D8D-320353C49AE3}.Release|Any CPU.ActiveCfg = Release|Any CPU
		{7794E865-AEF0-4665-9D8D-320353C49AE3}.Release|Any CPU.Build.0 = Release|Any CPU
	EndGlobalSection
	GlobalSection(SolutionProperties) = preSolution
		HideSolutionNode = FALSE
	EndGlobalSection
	GlobalSection(ExtensibilityGlobals) = postSolution
		SolutionGuid = {2BA4A768-F483-4A0D-9347-64AF40FBBB48}
	EndGlobalSection
EndGlobal
